[[package]]
name = "click"
version = "8.1.3"
description = "Composable command line interface toolkit"
category = "main"
optional = false
python-versions = ">=3.7"

[package.dependencies]
colorama = {version = "*", markers = "platform_system == \"Windows\""}

[[package]]
name = "colorama"
version = "0.4.6"
description = "Cross-platform colored terminal text."
category = "main"
optional = false
python-versions = "!=3.0.*,!=3.1.*,!=3.2.*,!=3.3.*,!=3.4.*,!=3.5.*,!=3.6.*,>=2.7"

[[package]]
name = "dictdiffer"
version = "0.9.0"
description = "Dictdiffer is a library that helps you to diff and patch dictionaries."
category = "main"
optional = false
python-versions = "*"

[package.extras]
all = ["Sphinx (>=3)", "check-manifest (>=0.42)", "mock (>=1.3.0)", "numpy (>=1.13.0)", "numpy (>=1.15.0)", "numpy (>=1.18.0)", "numpy (>=1.20.0)", "pytest (==5.4.3)", "pytest (>=6)", "pytest-cov (>=2.10.1)", "pytest-isort (>=1.2.0)", "pytest-pycodestyle (>=2)", "pytest-pycodestyle (>=2.2.0)", "pytest-pydocstyle (>=2)", "pytest-pydocstyle (>=2.2.0)", "sphinx (>=3)", "sphinx-rtd-theme (>=0.2)", "tox (>=3.7.0)"]
docs = ["Sphinx (>=3)", "sphinx-rtd-theme (>=0.2)"]
numpy = ["numpy (>=1.13.0)", "numpy (>=1.15.0)", "numpy (>=1.18.0)", "numpy (>=1.20.0)"]
tests = ["check-manifest (>=0.42)", "mock (>=1.3.0)", "pytest (==5.4.3)", "pytest (>=6)", "pytest-cov (>=2.10.1)", "pytest-isort (>=1.2.0)", "pytest-pycodestyle (>=2)", "pytest-pycodestyle (>=2.2.0)", "pytest-pydocstyle (>=2)", "pytest-pydocstyle (>=2.2.0)", "sphinx (>=3)", "tox (>=3.7.0)"]

[[package]]
name = "humanize"
version = "4.4.0"
description = "Python humanize utilities"
category = "main"
optional = false
python-versions = ">=3.7"

[package.extras]
tests = ["freezegun", "pytest", "pytest-cov"]

[[package]]
name = "loguru"
version = "0.6.0"
description = "Python logging made (stupidly) simple"
category = "main"
optional = false
python-versions = ">=3.5"

[package.dependencies]
colorama = {version = ">=0.3.4", markers = "sys_platform == \"win32\""}
win32-setctime = {version = ">=1.0.0", markers = "sys_platform == \"win32\""}

[package.extras]
dev = ["Sphinx (>=4.1.1)", "black (>=19.10b0)", "colorama (>=0.3.4)", "docutils (==0.16)", "flake8 (>=3.7.7)", "isort (>=5.1.1)", "pytest (>=4.6.2)", "pytest-cov (>=2.7.1)", "sphinx-autobuild (>=0.7.1)", "sphinx-rtd-theme (>=0.4.3)", "tox (>=3.9.0)"]

[[package]]
name = "typer"
version = "0.7.0"
description = "Typer, build great CLIs. Easy to code. Based on Python type hints."
category = "main"
optional = false
python-versions = ">=3.6"

[package.dependencies]
click = ">=7.1.1,<9.0.0"

[package.extras]
all = ["colorama (>=0.4.3,<0.5.0)", "rich (>=10.11.0,<13.0.0)", "shellingham (>=1.3.0,<2.0.0)"]
dev = ["autoflake (>=1.3.1,<2.0.0)", "flake8 (>=3.8.3,<4.0.0)", "pre-commit (>=2.17.0,<3.0.0)"]
doc = ["cairosvg (>=2.5.2,<3.0.0)", "mdx-include (>=1.4.1,<2.0.0)", "mkdocs (>=1.1.2,<2.0.0)", "mkdocs-material (>=8.1.4,<9.0.0)", "pillow (>=9.3.0,<10.0.0)"]
test = ["black (>=22.3.0,<23.0.0)", "coverage (>=6.2,<7.0)", "isort (>=5.0.6,<6.0.0)", "mypy (==0.910)", "pytest (>=4.4.0,<8.0.0)", "pytest-cov (>=2.10.0,<5.0.0)", "pytest-sugar (>=0.9.4,<0.10.0)", "pytest-xdist (>=1.32.0,<4.0.0)", "rich (>=10.11.0,<13.0.0)", "shellingham (>=1.3.0,<2.0.0)"]

[[package]]
name = "win32-setctime"
version = "1.1.0"
description = "A small Python utility to set file creation time on Windows"
category = "main"
optional = false
python-versions = ">=3.5"

[package.extras]
dev = ["black (>=19.3b0)", "pytest (>=4.6.2)"]

[[package]]
name = "xonsh"
version = "0.13.4"
description = "Python-powered, cross-platform, Unix-gazing shell"
category = "main"
optional = false
python-versions = ">=3.8"

[package.extras]
bestshell = ["prompt-toolkit (>=3.0.29)", "pygments (>=2.2)"]
dev = ["pre-commit", "re-ver", "tomli", "xonsh"]
doc = ["doctr", "furo", "livereload", "matplotlib", "myst-parser", "numpydoc", "psutil", "pyzmq", "runthis-sphinxext", "sphinx (>=3.1,<5)", "tornado", "xonsh"]
full = ["distro", "gnureadline", "setproctitle", "ujson", "xonsh"]
linux = ["distro"]
mac = ["gnureadline"]
proctitle = ["setproctitle"]
ptk = ["prompt-toolkit (>=3.0.29)", "pyperclip"]
pygments = ["pygments (>=2.2)"]
test = ["coverage (>=5.3.1)", "prompt-toolkit (>=3.0.29)", "pygments (>=2.2)", "pyte (>=0.8.0)", "pytest (>=7)", "pytest-cov", "pytest-mock", "pytest-rerunfailures", "pytest-subprocess", "pytest-timeout", "restructuredtext-lint", "virtualenv (>=20.16.2)", "xonsh"]

[metadata]
lock-version = "1.1"
python-versions = "^3.10"
content-hash = "a93a5d68fbff559a13870f7b06772f89d2f6e141436b6b8ae7a54e61ed84ac55"

[metadata.files]
click = [
    {file = "click-8.1.3-py3-none-any.whl", hash = "sha256:bb4d8133cb15a609f44e8213d9b391b0809795062913b383c62be0ee95b1db48"},
    {file = "click-8.1.3.tar.gz", hash = "sha256:7682dc8afb30297001674575ea00d1814d808d6a36af415a82bd481d37ba7b8e"},
]
colorama = [
    {file = "colorama-0.4.6-py2.py3-none-any.whl", hash = "sha256:4f1d9991f5acc0ca119f9d443620b77f9d6b33703e51011c16baf57afb285fc6"},
    {file = "colorama-0.4.6.tar.gz", hash = "sha256:08695f5cb7ed6e0531a20572697297273c47b8cae5a63ffc6d6ed5c201be6e44"},
]
dictdiffer = [
    {file = "dictdiffer-0.9.0-py2.py3-none-any.whl", hash = "sha256:442bfc693cfcadaf46674575d2eba1c53b42f5e404218ca2c2ff549f2df56595"},
    {file = "dictdiffer-0.9.0.tar.gz", hash = "sha256:17bacf5fbfe613ccf1b6d512bd766e6b21fb798822a133aa86098b8ac9997578"},
]
humanize = [
    {file = "humanize-4.4.0-py3-none-any.whl", hash = "sha256:8830ebf2d65d0395c1bd4c79189ad71e023f277c2c7ae00f263124432e6f2ffa"},
    {file = "humanize-4.4.0.tar.gz", hash = "sha256:efb2584565cc86b7ea87a977a15066de34cdedaf341b11c851cfcfd2b964779c"},
]
loguru = [
    {file = "loguru-0.6.0-py3-none-any.whl", hash = "sha256:4e2414d534a2ab57573365b3e6d0234dfb1d84b68b7f3b948e6fb743860a77c3"},
    {file = "loguru-0.6.0.tar.gz", hash = "sha256:066bd06758d0a513e9836fd9c6b5a75bfb3fd36841f4b996bc60b547a309d41c"},
]
typer = [
    {file = "typer-0.7.0-py3-none-any.whl", hash = "sha256:b5e704f4e48ec263de1c0b3a2387cd405a13767d2f907f44c1a08cbad96f606d"},
    {file = "typer-0.7.0.tar.gz", hash = "sha256:ff797846578a9f2a201b53442aedeb543319466870fbe1c701eab66dd7681165"},
]
win32-setctime = [
    {file = "win32_setctime-1.1.0-py3-none-any.whl", hash = "sha256:231db239e959c2fe7eb1d7dc129f11172354f98361c4fa2d6d2d7e278baa8aad"},
    {file = "win32_setctime-1.1.0.tar.gz", hash = "sha256:15cf5750465118d6929ae4de4eb46e8edae9a5634350c01ba582df868e932cb2"},
]
xonsh = [
    {file = "xonsh-0.13.4-py310-none-any.whl", hash = "sha256:8a45f617682cd1cc8b20cc7ca0ad713f76f8ca12d5783ef4425d4cca40a619b3"},
    {file = "xonsh-0.13.4-py311-none-any.whl", hash = "sha256:834dcc15501266472a768582b588d7e6629ff53c9146497906559449779e2282"},
    {file = "xonsh-0.13.4-py38-none-any.whl", hash = "sha256:7a431d4299b1e6ba9421421994c3532e2ad893bf36e8455b49a3ca2ab5cb39da"},
    {file = "xonsh-0.13.4-py39-none-any.whl", hash = "sha256:4ae17bacb716d83242fc1a4cbdb519f1ad43f3a3940a0296c4b9f108410c5a0c"},
    {file = "xonsh-0.13.4.tar.gz", hash = "sha256:1075452e6eac9f58c3abf4ad9f38f9b05452e7460536bc993dba9989227a21a7"},
]
